
Microsoft Visual Studio Solution File, Format Version 11.00
# Visual Studio 2010
Project("{FAE04EC0-301F-11D3-BF4B-00C04F79EFBC}") = "Renren.API", "Renren.API\Renren.API.csproj", "{2A867A87-BC2C-4648-B23F-D9D2E624C10A}"
EndProject
Project("{FAE04EC0-301F-11D3-BF4B-00C04F79EFBC}") = "Renren.API.Test", "Renren.API.Test\Renren.API.Test.csproj", "{E23924F7-2DBE-49BA-9307-86BDCE2D1448}"
EndProject
Project("{2150E333-8FDC-42A3-9474-1A3956D46DE8}") = "Solution Items", "Solution Items", "{3E11FD8C-13B9-4EC3-B68C-D6808248B5A7}"
	ProjectSection(SolutionItems) = preProject
		ReadMe.txt = ReadMe.txt
	EndProjectSection
EndProject
Global
	GlobalSection(SolutionConfigurationPlatforms) = preSolution
		Debug|Any CPU = Debug|Any CPU
		Debug|Mixed Platforms = Debug|Mixed Platforms
		Debug|x86 = Debug|x86
		Release|Any CPU = Release|Any CPU
		Release|Mixed Platforms = Release|Mixed Platforms
		Release|x86 = Release|x86
	EndGlobalSection
	GlobalSection(ProjectConfigurationPlatforms) = postSolution
		{2A867A87-BC2C-4648-B23F-D9D2E624C10A}.Debug|Any CPU.ActiveCfg = Debug|Any CPU
		{2A867A87-BC2C-4648-B23F-D9D2E624C10A}.Debug|Any CPU.Build.0 = Debug|Any CPU
		{2A867A87-BC2C-4648-B23F-D9D2E624C10A}.Debug|Mixed Platforms.ActiveCfg = Debug|Any CPU
		{2A867A87-BC2C-4648-B23F-D9D2E624C10A}.Debug|Mixed Platforms.Build.0 = Debug|Any CPU
		{2A867A87-BC2C-4648-B23F-D9D2E624C10A}.Debug|x86.ActiveCfg = Debug|Any CPU
		{2A867A87-BC2C-4648-B23F-D9D2E624C10A}.Release|Any CPU.ActiveCfg = Release|Any CPU
		{2A867A87-BC2C-4648-B23F-D9D2E624C10A}.Release|Any CPU.Build.0 = Release|Any CPU
		{2A867A87-BC2C-4648-B23F-D9D2E624C10A}.Release|Mixed Platforms.ActiveCfg = Release|Any CPU
		{2A867A87-BC2C-4648-B23F-D9D2E624C10A}.Release|Mixed Platforms.Build.0 = Release|Any CPU
		{2A867A87-BC2C-4648-B23F-D9D2E624C10A}.Release|x86.ActiveCfg = Release|Any CPU
		{E23924F7-2DBE-49BA-9307-86BDCE2D1448}.Debug|Any CPU.ActiveCfg = Debug|x86
		{E23924F7-2DBE-49BA-9307-86BDCE2D1448}.Debug|Mixed Platforms.ActiveCfg = Debug|x86
		{E23924F7-2DBE-49BA-9307-86BDCE2D1448}.Debug|Mixed Platforms.Build.0 = Debug|x86
		{E23924F7-2DBE-49BA-9307-86BDCE2D1448}.Debug|x86.ActiveCfg = Debug|x86
		{E23924F7-2DBE-49BA-9307-86BDCE2D1448}.Debug|x86.Build.0 = Debug|x86
		{E23924F7-2DBE-49BA-9307-86BDCE2D1448}.Release|Any CPU.ActiveCfg = Release|x86
		{E23924F7-2DBE-49BA-9307-86BDCE2D1448}.Release|Mixed Platforms.ActiveCfg = Release|x86
		{E23924F7-2DBE-49BA-9307-86BDCE2D1448}.Release|Mixed Platforms.Build.0 = Release|x86
		{E23924F7-2DBE-49BA-9307-86BDCE2D1448}.Release|x86.ActiveCfg = Release|x86
		{E23924F7-2DBE-49BA-9307-86BDCE2D1448}.Release|x86.Build.0 = Release|x86
	EndGlobalSection
	GlobalSection(SolutionProperties) = preSolution
		HideSolutionNode = FALSE
	EndGlobalSection
EndGlobal
